
Microsoft Visual Studio Solution File, Format Version 12.00
# Visual Studio Version 17
VisualStudioVersion = 17.5.002.0
MinimumVisualStudioVersion = 10.0.40219.1
Project("{2150E333-8FDC-42A3-9474-1A3956D46DE8}") = "csharp-prep", "csharp-prep", "{D462788D-F1AB-4BF3-8201-698FD4D88D14}"
EndProject
Project("{9A19103F-16F7-4668-BE54-9A1E7A4F7556}") = "Prep1", "csharp-prep\Prep1\Prep1.csproj", "{62A21B26-CC4D-40AE-9662-D12FC8BAE56E}"
EndProject
Project("{9A19103F-16F7-4668-BE54-9A1E7A4F7556}") = "Prep2", "csharp-prep\Prep2\Prep2.csproj", "{88449B69-3F6C-4472-97D9-9C8287757987}"
EndProject
Project("{9A19103F-16F7-4668-BE54-9A1E7A4F7556}") = "Prep3", "csharp-prep\Prep3\Prep3.csproj", "{35B0CA7E-F76D-4516-A443-7C772138208C}"
EndProject
Project("{9A19103F-16F7-4668-BE54-9A1E7A4F7556}") = "Prep4", "csharp-prep\Prep4\Prep4.csproj", "{7DFC6F73-01D1-47B1-AFB1-0DC4ACA0E702}"
EndProject
Project("{9A19103F-16F7-4668-BE54-9A1E7A4F7556}") = "Prep5", "csharp-prep\Prep5\Prep5.csproj", "{706D0681-4198-4487-AEF5-C270F0D8CF57}"
EndProject
Project("{2150E333-8FDC-42A3-9474-1A3956D46DE8}") = "final", "final", "{FB9EEDA8-A8EF-4F99-B147-47952C99C3A2}"
EndProject
Project("{9A19103F-16F7-4668-BE54-9A1E7A4F7556}") = "FinalProject", "final\FinalProject\FinalProject.csproj", "{E4093F55-742C-4887-A1C2-58CE5E5B5C8E}"
EndProject
Project("{9A19103F-16F7-4668-BE54-9A1E7A4F7556}") = "Foundation1", "final\Foundation1\Foundation1.csproj", "{140D3C93-0C8F-4D7B-AB52-EB5BD18D6A38}"
EndProject
Project("{9A19103F-16F7-4668-BE54-9A1E7A4F7556}") = "Foundation2", "final\Foundation2\Foundation2.csproj", "{A673C99B-62B5-435A-92C7-4A61B0C8D4C0}"
EndProject
Project("{9A19103F-16F7-4668-BE54-9A1E7A4F7556}") = "Foundation3", "final\Foundation3\Foundation3.csproj", "{E677F579-8995-4BD8-88EB-935B1A68484C}"
EndProject
Project("{9A19103F-16F7-4668-BE54-9A1E7A4F7556}") = "Foundation4", "final\Foundation4\Foundation4.csproj", "{05C7930E-CF90-4D12-9AED-EA9E546D725B}"
EndProject
Project("{2150E333-8FDC-42A3-9474-1A3956D46DE8}") = "prepare", "prepare", "{B07B339C-BE48-448C-B230-D26A83751140}"
EndProject
Project("{9A19103F-16F7-4668-BE54-9A1E7A4F7556}") = "Learning02", "prepare\Learning02\Learning02.csproj", "{095B97C6-2F99-4CCB-9371-E4E7D746F89D}"
EndProject
Project("{9A19103F-16F7-4668-BE54-9A1E7A4F7556}") = "Learning03", "prepare\Learning03\Learning03.csproj", "{9A8FCD0B-CC27-4C01-B8F2-A66A6D57BF22}"
EndProject
Project("{9A19103F-16F7-4668-BE54-9A1E7A4F7556}") = "Learning04", "prepare\Learning04\Learning04.csproj", "{179E6F4F-737E-409E-8D46-1250E819305F}"
EndProject
Project("{9A19103F-16F7-4668-BE54-9A1E7A4F7556}") = "Learning05", "prepare\Learning05\Learning05.csproj", "{6959900F-0E3F-4F3D-816B-E1582086E2A3}"
EndProject
Project("{2150E333-8FDC-42A3-9474-1A3956D46DE8}") = "prove", "prove", "{63E94570-8BA7-4D4F-9AF2-E65326588CD5}"
EndProject
Project("{9A19103F-16F7-4668-BE54-9A1E7A4F7556}") = "Develop02", "prove\Develop02\Develop02.csproj", "{BA9F774E-6E71-4672-AC50-DC24B33FF08F}"
EndProject
Project("{9A19103F-16F7-4668-BE54-9A1E7A4F7556}") = "Develop03", "prove\Develop03\Develop03.csproj", "{5C08043C-3608-4460-B99A-6FB9D7C245BF}"
EndProject
Project("{9A19103F-16F7-4668-BE54-9A1E7A4F7556}") = "Develop04", "prove\Develop04\Develop04.csproj", "{D9770BE2-E42D-4BCD-A94A-B04D572E2B7D}"
EndProject
Project("{9A19103F-16F7-4668-BE54-9A1E7A4F7556}") = "Develop05", "prove\Develop05\Develop05.csproj", "{3C22F52A-7576-4D6F-B0F4-A5D08BC59F9A}"
EndProject
Project("{2150E333-8FDC-42A3-9474-1A3956D46DE8}") = "sandbox", "sandbox", "{4B7A8D1F-B8E3-4593-B4A9-F93178D57D42}"
EndProject
Project("{9A19103F-16F7-4668-BE54-9A1E7A4F7556}") = "Sandbox", "sandbox\Sandbox\Sandbox.csproj", "{A0952F33-23DC-4E72-B8CE-BEEE0CCE68DA}"
EndProject
Global
	GlobalSection(SolutionConfigurationPlatforms) = preSolution
		Debug|Any CPU = Debug|Any CPU
		Release|Any CPU = Release|Any CPU
	EndGlobalSection
	GlobalSection(ProjectConfigurationPlatforms) = postSolution
		{62A21B26-CC4D-40AE-9662-D12FC8BAE56E}.Debug|Any CPU.ActiveCfg = Debug|Any CPU
		{62A21B26-CC4D-40AE-9662-D12FC8BAE56E}.Debug|Any CPU.Build.0 = Debug|Any CPU
		{62A21B26-CC4D-40AE-9662-D12FC8BAE56E}.Release|Any CPU.ActiveCfg = Release|Any CPU
		{62A21B26-CC4D-40AE-9662-D12FC8BAE56E}.Release|Any CPU.Build.0 = Release|Any CPU
		{88449B69-3F6C-4472-97D9-9C8287757987}.Debug|Any CPU.ActiveCfg = Debug|Any CPU
		{88449B69-3F6C-4472-97D9-9C8287757987}.Debug|Any CPU.Build.0 = Debug|Any CPU
		{88449B69-3F6C-4472-97D9-9C8287757987}.Release|Any CPU.ActiveCfg = Release|Any CPU
		{88449B69-3F6C-4472-97D9-9C8287757987}.Release|Any CPU.Build.0 = Release|Any CPU
		{35B0CA7E-F76D-4516-A443-7C772138208C}.Debug|Any CPU.ActiveCfg = Debug|Any CPU
		{35B0CA7E-F76D-4516-A443-7C772138208C}.Debug|Any CPU.Build.0 = Debug|Any CPU
		{35B0CA7E-F76D-4516-A443-7C772138208C}.Release|Any CPU.ActiveCfg = Release|Any CPU
		{35B0CA7E-F76D-4516-A443-7C772138208C}.Release|Any CPU.Build.0 = Release|Any CPU
		{7DFC6F73-01D1-47B1-AFB1-0DC4ACA0E702}.Debug|Any CPU.ActiveCfg = Debug|Any CPU
		{7DFC6F73-01D1-47B1-AFB1-0DC4ACA0E702}.Debug|Any CPU.Build.0 = Debug|Any CPU
		{7DFC6F73-01D1-47B1-AFB1-0DC4ACA0E702}.Release|Any CPU.ActiveCfg = Release|Any CPU
		{7DFC6F73-01D1-47B1-AFB1-0DC4ACA0E702}.Release|Any CPU.Build.0 = Release|Any CPU
		{706D0681-4198-4487-AEF5-C270F0D8CF57}.Debug|Any CPU.ActiveCfg = Debug|Any CPU
		{706D0681-4198-4487-AEF5-C270F0D8CF57}.Debug|Any CPU.Build.0 = Debug|Any CPU
		{706D0681-4198-4487-AEF5-C270F0D8CF57}.Release|Any CPU.ActiveCfg = Release|Any CPU
		{706D0681-4198-4487-AEF5-C270F0D8CF57}.Release|Any CPU.Build.0 = Release|Any CPU
		{E4093F55-742C-4887-A1C2-58CE5E5B5C8E}.Debug|Any CPU.ActiveCfg = Debug|Any CPU
		{E4093F55-742C-4887-A1C2-58CE5E5B5C8E}.Debug|Any CPU.Build.0 = Debug|Any CPU
		{E4093F55-742C-4887-A1C2-58CE5E5B5C8E}.Release|Any CPU.ActiveCfg = Release|Any CPU
		{E4093F55-742C-4887-A1C2-58CE5E5B5C8E}.Release|Any CPU.Build.0 = Release|Any CPU
		{140D3C93-0C8F-4D7B-AB52-EB5BD18D6A38}.Debug|Any CPU.ActiveCfg = Debug|Any CPU
		{140D3C93-0C8F-4D7B-AB52-EB5BD18D6A38}.Debug|Any CPU.Build.0 = Debug|Any CPU
		{140D3C93-0C8F-4D7B-AB52-EB5BD18D6A38}.Release|Any CPU.ActiveCfg = Release|Any CPU
		{140D3C93-0C8F-4D7B-AB52-EB5BD18D6A38}.Release|Any CPU.Build.0 = Release|Any CPU
		{A673C99B-62B5-435A-92C7-4A61B0C8D4C0}.Debug|Any CPU.ActiveCfg = Debug|Any CPU
		{A673C99B-62B5-435A-92C7-4A61B0C8D4C0}.Debug|Any CPU.Build.0 = Debug|Any CPU
		{A673C99B-62B5-435A-92C7-4A61B0C8D4C0}.Release|Any CPU.ActiveCfg = Release|Any CPU
		{A673C99B-62B5-435A-92C7-4A61B0C8D4C0}.Release|Any CPU.Build.0 = Release|Any CPU
		{E677F579-8995-4BD8-88EB-935B1A68484C}.Debug|Any CPU.ActiveCfg = Debug|Any CPU
		{E677F579-8995-4BD8-88EB-935B1A68484C}.Debug|Any CPU.Build.0 = Debug|Any CPU
		{E677F579-8995-4BD8-88EB-935B1A68484C}.Release|Any CPU.ActiveCfg = Release|Any CPU
		{E677F579-8995-4BD8-88EB-935B1A68484C}.Release|Any CPU.Build.0 = Release|Any CPU
		{05C7930E-CF90-4D12-9AED-EA9E546D725B}.Debug|Any CPU.ActiveCfg = Debug|Any CPU
		{05C7930E-CF90-4D12-9AED-EA9E546D725B}.Debug|Any CPU.Build.0 = Debug|Any CPU
		{05C7930E-CF90-4D12-9AED-EA9E546D725B}.Release|Any CPU.ActiveCfg = Release|Any CPU
		{05C7930E-CF90-4D12-9AED-EA9E546D725B}.Release|Any CPU.Build.0 = Release|Any CPU
		{095B97C6-2F99-4CCB-9371-E4E7D746F89D}.Debug|Any CPU.ActiveCfg = Debug|Any CPU
		{095B97C6-2F99-4CCB-9371-E4E7D746F89D}.Debug|Any CPU.Build.0 = Debug|Any CPU
		{095B97C6-2F99-4CCB-9371-E4E7D746F89D}.Release|Any CPU.ActiveCfg = Release|Any CPU
		{095B97C6-2F99-4CCB-9371-E4E7D746F89D}.Release|Any CPU.Build.0 = Release|Any CPU
		{9A8FCD0B-CC27-4C01-B8F2-A66A6D57BF22}.Debug|Any CPU.ActiveCfg = Debug|Any CPU
		{9A8FCD0B-CC27-4C01-B8F2-A66A6D57BF22}.Debug|Any CPU.Build.0 = Debug|Any CPU
		{9A8FCD0B-CC27-4C01-B8F2-A66A6D57BF22}.Release|Any CPU.ActiveCfg = Release|Any CPU
		{9A8FCD0B-CC27-4C01-B8F2-A66A6D57BF22}.Release|Any CPU.Build.0 = Release|Any CPU
		{179E6F4F-737E-409E-8D46-1250E819305F}.Debug|Any CPU.ActiveCfg = Debug|Any CPU
		{179E6F4F-737E-409E-8D46-1250E819305F}.Debug|Any CPU.Build.0 = Debug|Any CPU
		{179E6F4F-737E-409E-8D46-1250E819305F}.Release|Any CPU.ActiveCfg = Release|Any CPU
		{179E6F4F-737E-409E-8D46-1250E819305F}.Release|Any CPU.Build.0 = Release|Any CPU
		{6959900F-0E3F-4F3D-816B-E1582086E2A3}.Debug|Any CPU.ActiveCfg = Debug|Any CPU
		{6959900F-0E3F-4F3D-816B-E1582086E2A3}.Debug|Any CPU.Build.0 = Debug|Any CPU
		{6959900F-0E3F-4F3D-816B-E1582086E2A3}.Release|Any CPU.ActiveCfg = Release|Any CPU
		{6959900F-0E3F-4F3D-816B-E1582086E2A3}.Release|Any CPU.Build.0 = Release|Any CPU
		{BA9F774E-6E71-4672-AC50-DC24B33FF08F}.Debug|Any CPU.ActiveCfg = Debug|Any CPU
		{BA9F774E-6E71-4672-AC50-DC24B33FF08F}.Debug|Any CPU.Build.0 = Debug|Any CPU
		{BA9F774E-6E71-4672-AC50-DC24B33FF08F}.Release|Any CPU.ActiveCfg = Release|Any CPU
		{BA9F774E-6E71-4672-AC50-DC24B33FF08F}.Release|Any CPU.Build.0 = Release|Any CPU
		{5C08043C-3608-4460-B99A-6FB9D7C245BF}.Debug|Any CPU.ActiveCfg = Debug|Any CPU
		{5C08043C-3608-4460-B99A-6FB9D7C245BF}.Debug|Any CPU.Build.0 = Debug|Any CPU
		{5C08043C-3608-4460-B99A-6FB9D7C245BF}.Release|Any CPU.ActiveCfg = Release|Any CPU
		{5C08043C-3608-4460-B99A-6FB9D7C245BF}.Release|Any CPU.Build.0 = Release|Any CPU
		{D9770BE2-E42D-4BCD-A94A-B04D572E2B7D}.Debug|Any CPU.ActiveCfg = Debug|Any CPU
		{D9770BE2-E42D-4BCD-A94A-B04D572E2B7D}.Debug|Any CPU.Build.0 = Debug|Any CPU
		{D9770BE2-E42D-4BCD-A94A-B04D572E2B7D}.Release|Any CPU.ActiveCfg = Release|Any CPU
		{D9770BE2-E42D-4BCD-A94A-B04D572E2B7D}.Release|Any CPU.Build.0 = Release|Any CPU
		{3C22F52A-7576-4D6F-B0F4-A5D08BC59F9A}.Debug|Any CPU.ActiveCfg = Debug|Any CPU
		{3C22F52A-7576-4D6F-B0F4-A5D08BC59F9A}.Debug|Any CPU.Build.0 = Debug|Any CPU
		{3C22F52A-7576-4D6F-B0F4-A5D08BC59F9A}.Release|Any CPU.ActiveCfg = Release|Any CPU
		{3C22F52A-7576-4D6F-B0F4-A5D08BC59F9A}.Release|Any CPU.Build.0 = Release|Any CPU
		{A0952F33-23DC-4E72-B8CE-BEEE0CCE68DA}.Debug|Any CPU.ActiveCfg = Debug|Any CPU
		{A0952F33-23DC-4E72-B8CE-BEEE0CCE68DA}.Debug|Any CPU.Build.0 = Debug|Any CPU
		{A0952F33-23DC-4E72-B8CE-BEEE0CCE68DA}.Release|Any CPU.ActiveCfg = Release|Any CPU
		{A0952F33-23DC-4E72-B8CE-BEEE0CCE68DA}.Release|Any CPU.Build.0 = Release|Any CPU
	EndGlobalSection
	GlobalSection(SolutionProperties) = preSolution
		HideSolutionNode = FALSE
	EndGlobalSection
	GlobalSection(NestedProjects) = preSolution
		{62A21B26-CC4D-40AE-9662-D12FC8BAE56E} = {D462788D-F1AB-4BF3-8201-698FD4D88D14}
		{88449B69-3F6C-4472-97D9-9C8287757987} = {D462788D-F1AB-4BF3-8201-698FD4D88D14}
		{35B0CA7E-F76D-4516-A443-7C772138208C} = {D462788D-F1AB-4BF3-8201-698FD4D88D14}
		{7DFC6F73-01D1-47B1-AFB1-0DC4ACA0E702} = {D462788D-F1AB-4BF3-8201-698FD4D88D14}
		{706D0681-4198-4487-AEF5-C270F0D8CF57} = {D462788D-F1AB-4BF3-8201-698FD4D88D14}
		{E4093F55-742C-4887-A1C2-58CE5E5B5C8E} = {FB9EEDA8-A8EF-4F99-B147-47952C99C3A2}
		{140D3C93-0C8F-4D7B-AB52-EB5BD18D6A38} = {FB9EEDA8-A8EF-4F99-B147-47952C99C3A2}
		{A673C99B-62B5-435A-92C7-4A61B0C8D4C0} = {FB9EEDA8-A8EF-4F99-B147-47952C99C3A2}
		{E677F579-8995-4BD8-88EB-935B1A68484C} = {FB9EEDA8-A8EF-4F99-B147-47952C99C3A2}
		{05C7930E-CF90-4D12-9AED-EA9E546D725B} = {FB9EEDA8-A8EF-4F99-B147-47952C99C3A2}
		{095B97C6-2F99-4CCB-9371-E4E7D746F89D} = {B07B339C-BE48-448C-B230-D26A83751140}
		{9A8FCD0B-CC27-4C01-B8F2-A66A6D57BF22} = {B07B339C-BE48-448C-B230-D26A83751140}
		{179E6F4F-737E-409E-8D46-1250E819305F} = {B07B339C-BE48-448C-B230-D26A83751140}
		{6959900F-0E3F-4F3D-816B-E1582086E2A3} = {B07B339C-BE48-448C-B230-D26A83751140}
		{BA9F774E-6E71-4672-AC50-DC24B33FF08F} = {63E94570-8BA7-4D4F-9AF2-E65326588CD5}
		{5C08043C-3608-4460-B99A-6FB9D7C245BF} = {63E94570-8BA7-4D4F-9AF2-E65326588CD5}
		{D9770BE2-E42D-4BCD-A94A-B04D572E2B7D} = {63E94570-8BA7-4D4F-9AF2-E65326588CD5}
		{3C22F52A-7576-4D6F-B0F4-A5D08BC59F9A} = {63E94570-8BA7-4D4F-9AF2-E65326588CD5}
		{A0952F33-23DC-4E72-B8CE-BEEE0CCE68DA} = {4B7A8D1F-B8E3-4593-B4A9-F93178D57D42}
	EndGlobalSection
	GlobalSection(ExtensibilityGlobals) = postSolution
		SolutionGuid = {A30339E6-3C44-49A6-BBC5-126A1621352B}
	EndGlobalSection
EndGlobal
